
Microsoft Visual Studio Solution File, Format Version 12.00
# Visual Studio Version 17
VisualStudioVersion = 17.7.34221.43
MinimumVisualStudioVersion = 10.0.40219.1
Project("{FAE04EC0-301F-11D3-BF4B-00C04F79EFBC}") = "MapleBossWinApp", "MapleBossWinApp\MapleBossWinApp.csproj", "{8AA4FB80-F8E7-4E4C-BAFA-7FB83D213CD1}"
EndProject
Global
	GlobalSection(SolutionConfigurationPlatforms) = preSolution
		Debug|Any CPU = Debug|Any CPU
		Release|Any CPU = Release|Any CPU
	EndGlobalSection
	GlobalSection(ProjectConfigurationPlatforms) = postSolution
		{8AA4FB80-F8E7-4E4C-BAFA-7FB83D213CD1}.Debug|Any CPU.ActiveCfg = Debug|Any CPU
		{8AA4FB80-F8E7-4E4C-BAFA-7FB83D213CD1}.Debug|Any CPU.Build.0 = Debug|Any CPU
		{8AA4FB80-F8E7-4E4C-BAFA-7FB83D213CD1}.Release|Any CPU.ActiveCfg = Release|Any CPU
		{8AA4FB80-F8E7-4E4C-BAFA-7FB83D213CD1}.Release|Any CPU.Build.0 = Release|Any CPU
	EndGlobalSection
	GlobalSection(SolutionProperties) = preSolution
		HideSolutionNode = FALSE
	EndGlobalSection
	GlobalSection(ExtensibilityGlobals) = postSolution
		SolutionGuid = {F160EF14-CA9F-4F0D-8BDB-22AC245872AD}
	EndGlobalSection
EndGlobal
